
Microsoft Visual Studio Solution File, Format Version 12.00
# Visual Studio Version 17
VisualStudioVersion = 17.13.35913.81 d17.13
MinimumVisualStudioVersion = 10.0.40219.1
Project("{FAE04EC0-301F-11D3-BF4B-00C04F79EFBC}") = "EliteTech_Core", "EliteTech_Core.csproj", "{F286613D-6AB3-49DD-BEDE-3EC15CF964AB}"
EndProject
Global
	GlobalSection(SolutionConfigurationPlatforms) = preSolution
		Debug|Any CPU = Debug|Any CPU
		Release|Any CPU = Release|Any CPU
	EndGlobalSection
	GlobalSection(ProjectConfigurationPlatforms) = postSolution
		{F286613D-6AB3-49DD-BEDE-3EC15CF964AB}.Debug|Any CPU.ActiveCfg = Debug|Any CPU
		{F286613D-6AB3-49DD-BEDE-3EC15CF964AB}.Debug|Any CPU.Build.0 = Debug|Any CPU
		{F286613D-6AB3-49DD-BEDE-3EC15CF964AB}.Release|Any CPU.ActiveCfg = Release|Any CPU
		{F286613D-6AB3-49DD-BEDE-3EC15CF964AB}.Release|Any CPU.Build.0 = Release|Any CPU
	EndGlobalSection
	GlobalSection(SolutionProperties) = preSolution
		HideSolutionNode = FALSE
	EndGlobalSection
	GlobalSection(ExtensibilityGlobals) = postSolution
		SolutionGuid = {49A08102-BBBC-401D-9FA2-F4D6D1F8B4C6}
	EndGlobalSection
EndGlobal
